
Microsoft Visual Studio Solution File, Format Version 12.00
# Visual Studio Version 16
VisualStudioVersion = 16.0.29409.12
MinimumVisualStudioVersion = 10.0.40219.1
Project("{FAE04EC0-301F-11D3-BF4B-00C04F79EFBC}") = "Parivartan.UWP", "Parivartan\Parivartan.UWP\Parivartan.UWP.csproj", "{FFC5CAB4-3FB5-480B-9E7A-D87597F65544}"
EndProject
Project("{FAE04EC0-301F-11D3-BF4B-00C04F79EFBC}") = "Parivartan.Android", "Parivartan\Parivartan.Android\Parivartan.Android.csproj", "{3366660A-7711-48EF-B622-A8B085A543ED}"
EndProject
Project("{FAE04EC0-301F-11D3-BF4B-00C04F79EFBC}") = "Parivartan.iOS", "Parivartan\Parivartan.iOS\Parivartan.iOS.csproj", "{B063A145-E75D-45E6-ACF6-A8546FD30776}"
EndProject
Project("{FAE04EC0-301F-11D3-BF4B-00C04F79EFBC}") = "Parivartan", "Parivartan\Parivartan\Parivartan.csproj", "{5ECC1475-EB93-4F2F-ADDD-3C88E32A5CD9}"
EndProject
Global
	GlobalSection(SolutionConfigurationPlatforms) = preSolution
		Debug|Any CPU = Debug|Any CPU
		Debug|ARM = Debug|ARM
		Debug|iPhone = Debug|iPhone
		Debug|iPhoneSimulator = Debug|iPhoneSimulator
		Debug|x64 = Debug|x64
		Debug|x86 = Debug|x86
		Release|Any CPU = Release|Any CPU
		Release|ARM = Release|ARM
		Release|iPhone = Release|iPhone
		Release|iPhoneSimulator = Release|iPhoneSimulator
		Release|x64 = Release|x64
		Release|x86 = Release|x86
	EndGlobalSection
	GlobalSection(ProjectConfigurationPlatforms) = postSolution
		{FFC5CAB4-3FB5-480B-9E7A-D87597F65544}.Debug|Any CPU.ActiveCfg = Debug|x86
		{FFC5CAB4-3FB5-480B-9E7A-D87597F65544}.Debug|Any CPU.Build.0 = Debug|x86
		{FFC5CAB4-3FB5-480B-9E7A-D87597F65544}.Debug|Any CPU.Deploy.0 = Debug|x86
		{FFC5CAB4-3FB5-480B-9E7A-D87597F65544}.Debug|ARM.ActiveCfg = Debug|ARM
		{FFC5CAB4-3FB5-480B-9E7A-D87597F65544}.Debug|ARM.Build.0 = Debug|ARM
		{FFC5CAB4-3FB5-480B-9E7A-D87597F65544}.Debug|ARM.Deploy.0 = Debug|ARM
		{FFC5CAB4-3FB5-480B-9E7A-D87597F65544}.Debug|iPhone.ActiveCfg = Debug|x86
		{FFC5CAB4-3FB5-480B-9E7A-D87597F65544}.Debug|iPhone.Build.0 = Debug|x86
		{FFC5CAB4-3FB5-480B-9E7A-D87597F65544}.Debug|iPhone.Deploy.0 = Debug|x86
		{FFC5CAB4-3FB5-480B-9E7A-D87597F65544}.Debug|iPhoneSimulator.ActiveCfg = Debug|x86
		{FFC5CAB4-3FB5-480B-9E7A-D87597F65544}.Debug|iPhoneSimulator.Build.0 = Debug|x86
		{FFC5CAB4-3FB5-480B-9E7A-D87597F65544}.Debug|iPhoneSimulator.Deploy.0 = Debug|x86
		{FFC5CAB4-3FB5-480B-9E7A-D87597F65544}.Debug|x64.ActiveCfg = Debug|x64
		{FFC5CAB4-3FB5-480B-9E7A-D87597F65544}.Debug|x64.Build.0 = Debug|x64
		{FFC5CAB4-3FB5-480B-9E7A-D87597F65544}.Debug|x64.Deploy.0 = Debug|x64
		{FFC5CAB4-3FB5-480B-9E7A-D87597F65544}.Debug|x86.ActiveCfg = Debug|x86
		{FFC5CAB4-3FB5-480B-9E7A-D87597F65544}.Debug|x86.Build.0 = Debug|x86
		{FFC5CAB4-3FB5-480B-9E7A-D87597F65544}.Debug|x86.Deploy.0 = Debug|x86
		{FFC5CAB4-3FB5-480B-9E7A-D87597F65544}.Release|Any CPU.ActiveCfg = Release|x86
		{FFC5CAB4-3FB5-480B-9E7A-D87597F65544}.Release|Any CPU.Build.0 = Release|x86
		{FFC5CAB4-3FB5-480B-9E7A-D87597F65544}.Release|Any CPU.Deploy.0 = Release|x86
		{FFC5CAB4-3FB5-480B-9E7A-D87597F65544}.Release|ARM.ActiveCfg = Release|ARM
		{FFC5CAB4-3FB5-480B-9E7A-D87597F65544}.Release|ARM.Build.0 = Release|ARM
		{FFC5CAB4-3FB5-480B-9E7A-D87597F65544}.Release|ARM.Deploy.0 = Release|ARM
		{FFC5CAB4-3FB5-480B-9E7A-D87597F65544}.Release|iPhone.ActiveCfg = Release|x86
		{FFC5CAB4-3FB5-480B-9E7A-D87597F65544}.Release|iPhone.Build.0 = Release|x86
		{FFC5CAB4-3FB5-480B-9E7A-D87597F65544}.Release|iPhone.Deploy.0 = Release|x86
		{FFC5CAB4-3FB5-480B-9E7A-D87597F65544}.Release|iPhoneSimulator.ActiveCfg = Release|x86
		{FFC5CAB4-3FB5-480B-9E7A-D87597F65544}.Release|iPhoneSimulator.Build.0 = Release|x86
		{FFC5CAB4-3FB5-480B-9E7A-D87597F65544}.Release|iPhoneSimulator.Deploy.0 = Release|x86
		{FFC5CAB4-3FB5-480B-9E7A-D87597F65544}.Release|x64.ActiveCfg = Release|x64
		{FFC5CAB4-3FB5-480B-9E7A-D87597F65544}.Release|x64.Build.0 = Release|x64
		{FFC5CAB4-3FB5-480B-9E7A-D87597F65544}.Release|x64.Deploy.0 = Release|x64
		{FFC5CAB4-3FB5-480B-9E7A-D87597F65544}.Release|x86.ActiveCfg = Release|x86
		{FFC5CAB4-3FB5-480B-9E7A-D87597F65544}.Release|x86.Build.0 = Release|x86
		{FFC5CAB4-3FB5-480B-9E7A-D87597F65544}.Release|x86.Deploy.0 = Release|x86
		{3366660A-7711-48EF-B622-A8B085A543ED}.Debug|Any CPU.ActiveCfg = Debug|Any CPU
		{3366660A-7711-48EF-B622-A8B085A543ED}.Debug|Any CPU.Build.0 = Debug|Any CPU
		{3366660A-7711-48EF-B622-A8B085A543ED}.Debug|Any CPU.Deploy.0 = Debug|Any CPU
		{3366660A-7711-48EF-B622-A8B085A543ED}.Debug|ARM.ActiveCfg = Debug|Any CPU
		{3366660A-7711-48EF-B622-A8B085A543ED}.Debug|ARM.Build.0 = Debug|Any CPU
		{3366660A-7711-48EF-B622-A8B085A543ED}.Debug|ARM.Deploy.0 = Debug|Any CPU
		{3366660A-7711-48EF-B622-A8B085A543ED}.Debug|iPhone.ActiveCfg = Debug|Any CPU
		{3366660A-7711-48EF-B622-A8B085A543ED}.Debug|iPhone.Build.0 = Debug|Any CPU
		{3366660A-7711-48EF-B622-A8B085A543ED}.Debug|iPhone.Deploy.0 = Debug|Any CPU
		{3366660A-7711-48EF-B622-A8B085A543ED}.Debug|iPhoneSimulator.ActiveCfg = Debug|Any CPU
		{3366660A-7711-48EF-B622-A8B085A543ED}.Debug|iPhoneSimulator.Build.0 = Debug|Any CPU
		{3366660A-7711-48EF-B622-A8B085A543ED}.Debug|iPhoneSimulator.Deploy.0 = Debug|Any CPU
		{3366660A-7711-48EF-B622-A8B085A543ED}.Debug|x64.ActiveCfg = Debug|Any CPU
		{3366660A-7711-48EF-B622-A8B085A543ED}.Debug|x64.Build.0 = Debug|Any CPU
		{3366660A-7711-48EF-B622-A8B085A543ED}.Debug|x64.Deploy.0 = Debug|Any CPU
		{3366660A-7711-48EF-B622-A8B085A543ED}.Debug|x86.ActiveCfg = Debug|Any CPU
		{3366660A-7711-48EF-B622-A8B085A543ED}.Debug|x86.Build.0 = Debug|Any CPU
		{3366660A-7711-48EF-B622-A8B085A543ED}.Debug|x86.Deploy.0 = Debug|Any CPU
		{3366660A-7711-48EF-B622-A8B085A543ED}.Release|Any CPU.ActiveCfg = Release|Any CPU
		{3366660A-7711-48EF-B622-A8B085A543ED}.Release|Any CPU.Build.0 = Release|Any CPU
		{3366660A-7711-48EF-B622-A8B085A543ED}.Release|Any CPU.Deploy.0 = Release|Any CPU
		{3366660A-7711-48EF-B622-A8B085A543ED}.Release|ARM.ActiveCfg = Release|Any CPU
		{3366660A-7711-48EF-B622-A8B085A543ED}.Release|ARM.Build.0 = Release|Any CPU
		{3366660A-7711-48EF-B622-A8B085A543ED}.Release|ARM.Deploy.0 = Release|Any CPU
		{3366660A-7711-48EF-B622-A8B085A543ED}.Release|iPhone.ActiveCfg = Release|Any CPU
		{3366660A-7711-48EF-B622-A8B085A543ED}.Release|iPhone.Build.0 = Release|Any CPU
		{3366660A-7711-48EF-B622-A8B085A543ED}.Release|iPhone.Deploy.0 = Release|Any CPU
		{3366660A-7711-48EF-B622-A8B085A543ED}.Release|iPhoneSimulator.ActiveCfg = Release|Any CPU
		{3366660A-7711-48EF-B622-A8B085A543ED}.Release|iPhoneSimulator.Build.0 = Release|Any CPU
		{3366660A-7711-48EF-B622-A8B085A543ED}.Release|iPhoneSimulator.Deploy.0 = Release|Any CPU
		{3366660A-7711-48EF-B622-A8B085A543ED}.Release|x64.ActiveCfg = Release|Any CPU
		{3366660A-7711-48EF-B622-A8B085A543ED}.Release|x64.Build.0 = Release|Any CPU
		{3366660A-7711-48EF-B622-A8B085A543ED}.Release|x64.Deploy.0 = Release|Any CPU
		{3366660A-7711-48EF-B622-A8B085A543ED}.Release|x86.ActiveCfg = Release|Any CPU
		{3366660A-7711-48EF-B622-A8B085A543ED}.Release|x86.Build.0 = Release|Any CPU
		{3366660A-7711-48EF-B622-A8B085A543ED}.Release|x86.Deploy.0 = Release|Any CPU
		{B063A145-E75D-45E6-ACF6-A8546FD30776}.Debug|Any CPU.ActiveCfg = Debug|iPhone
		{B063A145-E75D-45E6-ACF6-A8546FD30776}.Debug|Any CPU.Build.0 = Debug|iPhone
		{B063A145-E75D-45E6-ACF6-A8546FD30776}.Debug|Any CPU.Deploy.0 = Debug|iPhone
		{B063A145-E75D-45E6-ACF6-A8546FD30776}.Debug|ARM.ActiveCfg = Debug|iPhoneSimulator
		{B063A145-E75D-45E6-ACF6-A8546FD30776}.Debug|ARM.Build.0 = Debug|iPhoneSimulator
		{B063A145-E75D-45E6-ACF6-A8546FD30776}.Debug|ARM.Deploy.0 = Debug|iPhoneSimulator
		{B063A145-E75D-45E6-ACF6-A8546FD30776}.Debug|iPhone.ActiveCfg = Debug|iPhone
		{B063A145-E75D-45E6-ACF6-A8546FD30776}.Debug|iPhone.Build.0 = Debug|iPhone
		{B063A145-E75D-45E6-ACF6-A8546FD30776}.Debug|iPhone.Deploy.0 = Debug|iPhone
		{B063A145-E75D-45E6-ACF6-A8546FD30776}.Debug|iPhoneSimulator.ActiveCfg = Debug|iPhoneSimulator
		{B063A145-E75D-45E6-ACF6-A8546FD30776}.Debug|iPhoneSimulator.Build.0 = Debug|iPhoneSimulator
		{B063A145-E75D-45E6-ACF6-A8546FD30776}.Debug|iPhoneSimulator.Deploy.0 = Debug|iPhoneSimulator
		{B063A145-E75D-45E6-ACF6-A8546FD30776}.Debug|x64.ActiveCfg = Debug|iPhone
		{B063A145-E75D-45E6-ACF6-A8546FD30776}.Debug|x64.Build.0 = Debug|iPhone
		{B063A145-E75D-45E6-ACF6-A8546FD30776}.Debug|x64.Deploy.0 = Debug|iPhone
		{B063A145-E75D-45E6-ACF6-A8546FD30776}.Debug|x86.ActiveCfg = Debug|iPhone
		{B063A145-E75D-45E6-ACF6-A8546FD30776}.Debug|x86.Build.0 = Debug|iPhone
		{B063A145-E75D-45E6-ACF6-A8546FD30776}.Debug|x86.Deploy.0 = Debug|iPhone
		{B063A145-E75D-45E6-ACF6-A8546FD30776}.Release|Any CPU.ActiveCfg = Release|iPhone
		{B063A145-E75D-45E6-ACF6-A8546FD30776}.Release|Any CPU.Build.0 = Release|iPhone
		{B063A145-E75D-45E6-ACF6-A8546FD30776}.Release|Any CPU.Deploy.0 = Release|iPhone
		{B063A145-E75D-45E6-ACF6-A8546FD30776}.Release|ARM.ActiveCfg = Release|iPhone
		{B063A145-E75D-45E6-ACF6-A8546FD30776}.Release|ARM.Build.0 = Release|iPhone
		{B063A145-E75D-45E6-ACF6-A8546FD30776}.Release|ARM.Deploy.0 = Release|iPhone
		{B063A145-E75D-45E6-ACF6-A8546FD30776}.Release|iPhone.ActiveCfg = Release|iPhone
		{B063A145-E75D-45E6-ACF6-A8546FD30776}.Release|iPhone.Build.0 = Release|iPhone
		{B063A145-E75D-45E6-ACF6-A8546FD30776}.Release|iPhone.Deploy.0 = Release|iPhone
		{B063A145-E75D-45E6-ACF6-A8546FD30776}.Release|iPhoneSimulator.ActiveCfg = Release|iPhoneSimulator
		{B063A145-E75D-45E6-ACF6-A8546FD30776}.Release|iPhoneSimulator.Build.0 = Release|iPhoneSimulator
		{B063A145-E75D-45E6-ACF6-A8546FD30776}.Release|iPhoneSimulator.Deploy.0 = Release|iPhoneSimulator
		{B063A145-E75D-45E6-ACF6-A8546FD30776}.Release|x64.ActiveCfg = Release|iPhone
		{B063A145-E75D-45E6-ACF6-A8546FD30776}.Release|x64.Build.0 = Release|iPhone
		{B063A145-E75D-45E6-ACF6-A8546FD30776}.Release|x64.Deploy.0 = Release|iPhone
		{B063A145-E75D-45E6-ACF6-A8546FD30776}.Release|x86.ActiveCfg = Release|iPhone
		{B063A145-E75D-45E6-ACF6-A8546FD30776}.Release|x86.Build.0 = Release|iPhone
		{B063A145-E75D-45E6-ACF6-A8546FD30776}.Release|x86.Deploy.0 = Release|iPhone
		{5ECC1475-EB93-4F2F-ADDD-3C88E32A5CD9}.Debug|Any CPU.ActiveCfg = Debug|Any CPU
		{5ECC1475-EB93-4F2F-ADDD-3C88E32A5CD9}.Debug|Any CPU.Build.0 = Debug|Any CPU
		{5ECC1475-EB93-4F2F-ADDD-3C88E32A5CD9}.Debug|Any CPU.Deploy.0 = Debug|Any CPU
		{5ECC1475-EB93-4F2F-ADDD-3C88E32A5CD9}.Debug|ARM.ActiveCfg = Debug|Any CPU
		{5ECC1475-EB93-4F2F-ADDD-3C88E32A5CD9}.Debug|ARM.Build.0 = Debug|Any CPU
		{5ECC1475-EB93-4F2F-ADDD-3C88E32A5CD9}.Debug|ARM.Deploy.0 = Debug|Any CPU
		{5ECC1475-EB93-4F2F-ADDD-3C88E32A5CD9}.Debug|iPhone.ActiveCfg = Debug|Any CPU
		{5ECC1475-EB93-4F2F-ADDD-3C88E32A5CD9}.Debug|iPhone.Build.0 = Debug|Any CPU
		{5ECC1475-EB93-4F2F-ADDD-3C88E32A5CD9}.Debug|iPhone.Deploy.0 = Debug|Any CPU
		{5ECC1475-EB93-4F2F-ADDD-3C88E32A5CD9}.Debug|iPhoneSimulator.ActiveCfg = Debug|Any CPU
		{5ECC1475-EB93-4F2F-ADDD-3C88E32A5CD9}.Debug|iPhoneSimulator.Build.0 = Debug|Any CPU
		{5ECC1475-EB93-4F2F-ADDD-3C88E32A5CD9}.Debug|iPhoneSimulator.Deploy.0 = Debug|Any CPU
		{5ECC1475-EB93-4F2F-ADDD-3C88E32A5CD9}.Debug|x64.ActiveCfg = Debug|Any CPU
		{5ECC1475-EB93-4F2F-ADDD-3C88E32A5CD9}.Debug|x64.Build.0 = Debug|Any CPU
		{5ECC1475-EB93-4F2F-ADDD-3C88E32A5CD9}.Debug|x64.Deploy.0 = Debug|Any CPU
		{5ECC1475-EB93-4F2F-ADDD-3C88E32A5CD9}.Debug|x86.ActiveCfg = Debug|Any CPU
		{5ECC1475-EB93-4F2F-ADDD-3C88E32A5CD9}.Debug|x86.Build.0 = Debug|Any CPU
		{5ECC1475-EB93-4F2F-ADDD-3C88E32A5CD9}.Debug|x86.Deploy.0 = Debug|Any CPU
		{5ECC1475-EB93-4F2F-ADDD-3C88E32A5CD9}.Release|Any CPU.ActiveCfg = Release|Any CPU
		{5ECC1475-EB93-4F2F-ADDD-3C88E32A5CD9}.Release|Any CPU.Build.0 = Release|Any CPU
		{5ECC1475-EB93-4F2F-ADDD-3C88E32A5CD9}.Release|Any CPU.Deploy.0 = Release|Any CPU
		{5ECC1475-EB93-4F2F-ADDD-3C88E32A5CD9}.Release|ARM.ActiveCfg = Release|Any CPU
		{5ECC1475-EB93-4F2F-ADDD-3C88E32A5CD9}.Release|ARM.Build.0 = Release|Any CPU
		{5ECC1475-EB93-4F2F-ADDD-3C88E32A5CD9}.Release|ARM.Deploy.0 = Release|Any CPU
		{5ECC1475-EB93-4F2F-ADDD-3C88E32A5CD9}.Release|iPhone.ActiveCfg = Release|Any CPU
		{5ECC1475-EB93-4F2F-ADDD-3C88E32A5CD9}.Release|iPhone.Build.0 = Release|Any CPU
		{5ECC1475-EB93-4F2F-ADDD-3C88E32A5CD9}.Release|iPhone.Deploy.0 = Release|Any CPU
		{5ECC1475-EB93-4F2F-ADDD-3C88E32A5CD9}.Release|iPhoneSimulator.ActiveCfg = Release|Any CPU
		{5ECC1475-EB93-4F2F-ADDD-3C88E32A5CD9}.Release|iPhoneSimulator.Build.0 = Release|Any CPU
		{5ECC1475-EB93-4F2F-ADDD-3C88E32A5CD9}.Release|iPhoneSimulator.Deploy.0 = Release|Any CPU
		{5ECC1475-EB93-4F2F-ADDD-3C88E32A5CD9}.Release|x64.ActiveCfg = Release|Any CPU
		{5ECC1475-EB93-4F2F-ADDD-3C88E32A5CD9}.Release|x64.Build.0 = Release|Any CPU
		{5ECC1475-EB93-4F2F-ADDD-3C88E32A5CD9}.Release|x64.Deploy.0 = Release|Any CPU
		{5ECC1475-EB93-4F2F-ADDD-3C88E32A5CD9}.Release|x86.ActiveCfg = Release|Any CPU
		{5ECC1475-EB93-4F2F-ADDD-3C88E32A5CD9}.Release|x86.Build.0 = Release|Any CPU
		{5ECC1475-EB93-4F2F-ADDD-3C88E32A5CD9}.Release|x86.Deploy.0 = Release|Any CPU
	EndGlobalSection
	GlobalSection(SolutionProperties) = preSolution
		HideSolutionNode = FALSE
	EndGlobalSection
	GlobalSection(ExtensibilityGlobals) = postSolution
		SolutionGuid = {1FC297AA-724D-49B8-AA45-2311D0FFBFE3}
	EndGlobalSection
EndGlobal
