
Microsoft Visual Studio Solution File, Format Version 12.00
# Visual Studio 15
Project("{FAE04EC0-301F-11D3-BF4B-00C04F79EFBC}") = "ParivartanApp.Android", "ParivartanApp.Android\ParivartanApp.Android.csproj", "{6A5600B3-386E-411D-A7A4-1823D2EB1868}"
EndProject
Project("{FAE04EC0-301F-11D3-BF4B-00C04F79EFBC}") = "ParivartanApp.iOS", "ParivartanApp.iOS\ParivartanApp.iOS.csproj", "{133B9092-0180-48A8-A82C-7DA57DED2A86}"
EndProject
Project("{FAE04EC0-301F-11D3-BF4B-00C04F79EFBC}") = "ParivartanApp", "ParivartanApp\ParivartanApp.csproj", "{99A9B3BA-2895-4BF5-996A-A1069037C049}"
EndProject
Global
	GlobalSection(SolutionConfigurationPlatforms) = preSolution
		Debug|Any CPU = Debug|Any CPU
		Release|Any CPU = Release|Any CPU
		Debug|iPhoneSimulator = Debug|iPhoneSimulator
		Release|iPhoneSimulator = Release|iPhoneSimulator
		Debug|iPhone = Debug|iPhone
		Release|iPhone = Release|iPhone
	EndGlobalSection
	GlobalSection(ProjectConfigurationPlatforms) = postSolution
		{6A5600B3-386E-411D-A7A4-1823D2EB1868}.Debug|Any CPU.ActiveCfg = Debug|Any CPU
		{6A5600B3-386E-411D-A7A4-1823D2EB1868}.Debug|Any CPU.Build.0 = Debug|Any CPU
		{6A5600B3-386E-411D-A7A4-1823D2EB1868}.Release|Any CPU.ActiveCfg = Release|Any CPU
		{6A5600B3-386E-411D-A7A4-1823D2EB1868}.Release|Any CPU.Build.0 = Release|Any CPU
		{6A5600B3-386E-411D-A7A4-1823D2EB1868}.Debug|iPhoneSimulator.ActiveCfg = Debug|Any CPU
		{6A5600B3-386E-411D-A7A4-1823D2EB1868}.Debug|iPhoneSimulator.Build.0 = Debug|Any CPU
		{6A5600B3-386E-411D-A7A4-1823D2EB1868}.Release|iPhoneSimulator.ActiveCfg = Release|Any CPU
		{6A5600B3-386E-411D-A7A4-1823D2EB1868}.Release|iPhoneSimulator.Build.0 = Release|Any CPU
		{6A5600B3-386E-411D-A7A4-1823D2EB1868}.Debug|iPhone.ActiveCfg = Debug|Any CPU
		{6A5600B3-386E-411D-A7A4-1823D2EB1868}.Debug|iPhone.Build.0 = Debug|Any CPU
		{6A5600B3-386E-411D-A7A4-1823D2EB1868}.Release|iPhone.ActiveCfg = Release|Any CPU
		{6A5600B3-386E-411D-A7A4-1823D2EB1868}.Release|iPhone.Build.0 = Release|Any CPU
		{133B9092-0180-48A8-A82C-7DA57DED2A86}.Debug|Any CPU.ActiveCfg = Debug|iPhoneSimulator
		{133B9092-0180-48A8-A82C-7DA57DED2A86}.Debug|Any CPU.Build.0 = Debug|iPhoneSimulator
		{133B9092-0180-48A8-A82C-7DA57DED2A86}.Release|Any CPU.ActiveCfg = Release|iPhoneSimulator
		{133B9092-0180-48A8-A82C-7DA57DED2A86}.Release|Any CPU.Build.0 = Release|iPhoneSimulator
		{133B9092-0180-48A8-A82C-7DA57DED2A86}.Debug|iPhoneSimulator.ActiveCfg = Debug|iPhoneSimulator
		{133B9092-0180-48A8-A82C-7DA57DED2A86}.Debug|iPhoneSimulator.Build.0 = Debug|iPhoneSimulator
		{133B9092-0180-48A8-A82C-7DA57DED2A86}.Release|iPhoneSimulator.ActiveCfg = Release|iPhoneSimulator
		{133B9092-0180-48A8-A82C-7DA57DED2A86}.Release|iPhoneSimulator.Build.0 = Release|iPhoneSimulator
		{133B9092-0180-48A8-A82C-7DA57DED2A86}.Debug|iPhone.ActiveCfg = Debug|iPhone
		{133B9092-0180-48A8-A82C-7DA57DED2A86}.Debug|iPhone.Build.0 = Debug|iPhone
		{133B9092-0180-48A8-A82C-7DA57DED2A86}.Release|iPhone.ActiveCfg = Release|iPhone
		{133B9092-0180-48A8-A82C-7DA57DED2A86}.Release|iPhone.Build.0 = Release|iPhone
		{99A9B3BA-2895-4BF5-996A-A1069037C049}.Debug|Any CPU.ActiveCfg = Debug|Any CPU
		{99A9B3BA-2895-4BF5-996A-A1069037C049}.Debug|Any CPU.Build.0 = Debug|Any CPU
		{99A9B3BA-2895-4BF5-996A-A1069037C049}.Release|Any CPU.ActiveCfg = Release|Any CPU
		{99A9B3BA-2895-4BF5-996A-A1069037C049}.Release|Any CPU.Build.0 = Release|Any CPU
		{99A9B3BA-2895-4BF5-996A-A1069037C049}.Debug|iPhoneSimulator.ActiveCfg = Debug|Any CPU
		{99A9B3BA-2895-4BF5-996A-A1069037C049}.Debug|iPhoneSimulator.Build.0 = Debug|Any CPU
		{99A9B3BA-2895-4BF5-996A-A1069037C049}.Release|iPhoneSimulator.ActiveCfg = Release|Any CPU
		{99A9B3BA-2895-4BF5-996A-A1069037C049}.Release|iPhoneSimulator.Build.0 = Release|Any CPU
		{99A9B3BA-2895-4BF5-996A-A1069037C049}.Debug|iPhone.ActiveCfg = Debug|Any CPU
		{99A9B3BA-2895-4BF5-996A-A1069037C049}.Debug|iPhone.Build.0 = Debug|Any CPU
		{99A9B3BA-2895-4BF5-996A-A1069037C049}.Release|iPhone.ActiveCfg = Release|Any CPU
		{99A9B3BA-2895-4BF5-996A-A1069037C049}.Release|iPhone.Build.0 = Release|Any CPU
	EndGlobalSection
EndGlobal
